{
  "name": "hexo-site",
  "version": "0.1.0",
  "lockfileVersion": 1,
  "requires": true,
  "dependencies": {
    "amdefine": {
      "version": "1.0.1",
      "resolved": "http://registry.npm.taobao.org/amdefine/download/amdefine-1.0.1.tgz",
      "integrity": "sha1-SlKCrBZHKek2Gbz9OtFR+BfOkfU="
    },
    "balanced-match": {
      "version": "1.0.0",
      "resolved": "http://registry.npm.taobao.org/balanced-match/download/balanced-match-1.0.0.tgz",
      "integrity": "sha1-ibTRmasr7kneFk6gK4nORi1xt2c="
    },
    "brace-expansion": {
      "version": "1.1.11",
      "resolved": "http://registry.npm.taobao.org/brace-expansion/download/brace-expansion-1.1.11.tgz",
      "integrity": "sha1-PH/L9SnYcibz0vUrlm/1Jx60Qd0=",
      "requires": {
        "balanced-match": "^1.0.0",
        "concat-map": "0.0.1"
      }
    },
    "concat-map": {
      "version": "0.0.1",
      "resolved": "http://registry.npm.taobao.org/concat-map/download/concat-map-0.0.1.tgz",
      "integrity": "sha1-2Klr13/Wjfd5OnMDajug1UBdR3s="
    },
    "css-parse": {
      "version": "1.7.0",
      "resolved": "http://registry.npm.taobao.org/css-parse/download/css-parse-1.7.0.tgz",
      "integrity": "sha1-Mh9s9zeCpv91ERE5D8BeLGV9jJs="
    },
    "debug": {
      "version": "2.6.9",
      "resolved": "http://registry.npm.taobao.org/debug/download/debug-2.6.9.tgz",
      "integrity": "sha1-XRKFFd8TT/Mn6QpMk/Tgd6U2NB8=",
      "requires": {
        "ms": "2.0.0"
      }
    },
    "ejs": {
      "version": "1.0.0",
      "resolved": "https://registry.npm.taobao.org/ejs/download/ejs-1.0.0.tgz",
      "integrity": "sha1-ycYKSKRu5FL7MqccMXuV5aofyz0="
    },
    "fs.realpath": {
      "version": "1.0.0",
      "resolved": "http://registry.npm.taobao.org/fs.realpath/download/fs.realpath-1.0.0.tgz",
      "integrity": "sha1-FQStJSMVjKpA20onh8sBQRmU6k8="
    },
    "hexo-generator-archive": {
      "version": "0.1.5",
      "resolved": "http://registry.npm.taobao.org/hexo-generator-archive/download/hexo-generator-archive-0.1.5.tgz",
      "integrity": "sha1-qXkhTN3e4mk+BVGAnClL7a27abM=",
      "requires": {
        "hexo-pagination": "0.0.2",
        "object-assign": "^2.0.0"
      },
      "dependencies": {
        "object-assign": {
          "version": "2.1.1",
          "resolved": "http://registry.npm.taobao.org/object-assign/download/object-assign-2.1.1.tgz",
          "integrity": "sha1-Q8NuXVaf+OSBbE76i+AtJpZ8GKo="
        }
      }
    },
    "hexo-generator-category": {
      "version": "0.1.3",
      "resolved": "http://registry.npm.taobao.org/hexo-generator-category/download/hexo-generator-category-0.1.3.tgz",
      "integrity": "sha1-uealhiUwqDvdfaTIGcG58+TMtLI=",
      "requires": {
        "hexo-pagination": "0.0.2",
        "object-assign": "^2.0.0"
      },
      "dependencies": {
        "object-assign": {
          "version": "2.1.1",
          "resolved": "http://registry.npm.taobao.org/object-assign/download/object-assign-2.1.1.tgz",
          "integrity": "sha1-Q8NuXVaf+OSBbE76i+AtJpZ8GKo="
        }
      }
    },
    "hexo-generator-index": {
      "version": "0.2.1",
      "resolved": "http://registry.npm.taobao.org/hexo-generator-index/download/hexo-generator-index-0.2.1.tgz",
      "integrity": "sha1-kEIin8rHmq9wBXXaGTMr8/fuXF0=",
      "requires": {
        "hexo-pagination": "0.0.2",
        "object-assign": "^4.0.1"
      }
    },
    "hexo-generator-searchdb": {
      "version": "1.0.8",
      "resolved": "https://registry.npm.taobao.org/hexo-generator-searchdb/download/hexo-generator-searchdb-1.0.8.tgz",
      "integrity": "sha1-BCRSVuFBOmYxOTLb8cCn5WhVkwE=",
      "requires": {
        "ejs": "^1.0.0",
        "striptags": "^3.1.1",
        "utils-merge": "^1.0.0"
      }
    },
    "hexo-generator-tag": {
      "version": "0.2.0",
      "resolved": "http://registry.npm.taobao.org/hexo-generator-tag/download/hexo-generator-tag-0.2.0.tgz",
      "integrity": "sha1-xXFYRrtB5X2cIMHWbX2yGhq/emI=",
      "requires": {
        "hexo-pagination": "0.0.2",
        "object-assign": "^4.0.1"
      }
    },
    "hexo-pagination": {
      "version": "0.0.2",
      "resolved": "http://registry.npm.taobao.org/hexo-pagination/download/hexo-pagination-0.0.2.tgz",
      "integrity": "sha1-jPRwx9sN5bGKOSanbesZQBXffys=",
      "requires": {
        "utils-merge": "^1.0.0"
      }
    },
    "hexo-renderer-ejs": {
      "version": "0.3.1",
      "resolved": "http://registry.npm.taobao.org/hexo-renderer-ejs/download/hexo-renderer-ejs-0.3.1.tgz",
      "integrity": "sha1-wMGjdXUy1H5bfZ3JCLXf2YyUviw=",
      "requires": {
        "ejs": "^2.3.4",
        "object-assign": "^4.0.1"
      },
      "dependencies": {
        "ejs": {
          "version": "2.6.1",
          "resolved": "http://registry.npm.taobao.org/ejs/download/ejs-2.6.1.tgz",
          "integrity": "sha1-SY7A1JVlWrxvI81hho2SZGQHGqA="
        }
      }
    },
    "hexo-renderer-stylus": {
      "version": "0.3.3",
      "resolved": "http://registry.npm.taobao.org/hexo-renderer-stylus/download/hexo-renderer-stylus-0.3.3.tgz",
      "integrity": "sha1-xU6ifh/Y48ipp6hM+6itNUEiyn8=",
      "requires": {
        "nib": "^1.1.2",
        "stylus": "^0.54.5"
      }
    },
    "inflight": {
      "version": "1.0.6",
      "resolved": "http://registry.npm.taobao.org/inflight/download/inflight-1.0.6.tgz",
      "integrity": "sha1-Sb1jMdfQLQwJvJEKEHW6gWW1bfk=",
      "requires": {
        "once": "^1.3.0",
        "wrappy": "1"
      }
    },
    "inherits": {
      "version": "2.0.3",
      "resolved": "http://registry.npm.taobao.org/inherits/download/inherits-2.0.3.tgz",
      "integrity": "sha1-Yzwsg+PaQqUC9SRmAiSA9CCCYd4="
    },
    "minimatch": {
      "version": "3.0.4",
      "resolved": "http://registry.npm.taobao.org/minimatch/download/minimatch-3.0.4.tgz",
      "integrity": "sha1-UWbihkV/AzBgZL5Ul+jbsMPTIIM=",
      "requires": {
        "brace-expansion": "^1.1.7"
      }
    },
    "mkdirp": {
      "version": "0.5.1",
      "resolved": "http://registry.npm.taobao.org/mkdirp/download/mkdirp-0.5.1.tgz",
      "integrity": "sha1-MAV0OOrGz3+MR2fzhkjWaX11yQM=",
      "requires": {
        "minimist": "0.0.8"
      },
      "dependencies": {
        "minimist": {
          "version": "0.0.8",
          "resolved": "http://registry.npm.taobao.org/minimist/download/minimist-0.0.8.tgz",
          "integrity": "sha1-hX/Kv8M5fSYluCKCYuhqp6ARsF0="
        }
      }
    },
    "ms": {
      "version": "2.0.0",
      "resolved": "http://registry.npm.taobao.org/ms/download/ms-2.0.0.tgz",
      "integrity": "sha1-VgiurfwAvmwpAd9fmGF4jeDVl8g="
    },
    "nib": {
      "version": "1.1.2",
      "resolved": "http://registry.npm.taobao.org/nib/download/nib-1.1.2.tgz",
      "integrity": "sha1-amnt5AgblcDe+L4CSkyK4MLLtsc=",
      "requires": {
        "stylus": "0.54.5"
      }
    },
    "object-assign": {
      "version": "4.1.1",
      "resolved": "http://registry.npm.taobao.org/object-assign/download/object-assign-4.1.1.tgz",
      "integrity": "sha1-IQmtx5ZYh8/AXLvUQsrIv7s2CGM="
    },
    "once": {
      "version": "1.4.0",
      "resolved": "http://registry.npm.taobao.org/once/download/once-1.4.0.tgz",
      "integrity": "sha1-WDsap3WWHUsROsF9nFC6753Xa9E=",
      "requires": {
        "wrappy": "1"
      }
    },
    "path-is-absolute": {
      "version": "1.0.1",
      "resolved": "http://registry.npm.taobao.org/path-is-absolute/download/path-is-absolute-1.0.1.tgz",
      "integrity": "sha1-F0uSaHNVNP+8es5r9TpanhtcX18="
    },
    "sax": {
      "version": "0.5.8",
      "resolved": "http://registry.npm.taobao.org/sax/download/sax-0.5.8.tgz",
      "integrity": "sha1-1HLbIo6zMcJQaw6MFVJK25OdEsE="
    },
    "striptags": {
      "version": "3.1.1",
      "resolved": "https://registry.npm.taobao.org/striptags/download/striptags-3.1.1.tgz",
      "integrity": "sha1-yMPn/db7S7OjKjt1LltePjgJPr0="
    },
    "stylus": {
      "version": "0.54.5",
      "resolved": "http://registry.npm.taobao.org/stylus/download/stylus-0.54.5.tgz",
      "integrity": "sha1-QrlWCTHKcJDOhRWnmLqeaqPW3Hk=",
      "requires": {
        "css-parse": "1.7.x",
        "debug": "*",
        "glob": "7.0.x",
        "mkdirp": "0.5.x",
        "sax": "0.5.x",
        "source-map": "0.1.x"
      },
      "dependencies": {
        "glob": {
          "version": "7.0.6",
          "resolved": "http://registry.npm.taobao.org/glob/download/glob-7.0.6.tgz",
          "integrity": "sha1-IRuvr0nlJbjNkyYNFKsTYVKz9Xo=",
          "requires": {
            "fs.realpath": "^1.0.0",
            "inflight": "^1.0.4",
            "inherits": "2",
            "minimatch": "^3.0.2",
            "once": "^1.3.0",
            "path-is-absolute": "^1.0.0"
          }
        },
        "source-map": {
          "version": "0.1.43",
          "resolved": "http://registry.npm.taobao.org/source-map/download/source-map-0.1.43.tgz",
          "integrity": "sha1-wkvBRspRfBRx9drL4lcbK3+eM0Y=",
          "requires": {
            "amdefine": ">=0.0.4"
          }
        }
      }
    },
    "utils-merge": {
      "version": "1.0.1",
      "resolved": "http://registry.npm.taobao.org/utils-merge/download/utils-merge-1.0.1.tgz",
      "integrity": "sha1-n5VxD1CiZ5R7LMwSR0HBAoQn5xM="
    },
    "wrappy": {
      "version": "1.0.2",
      "resolved": "http://registry.npm.taobao.org/wrappy/download/wrappy-1.0.2.tgz",
      "integrity": "sha1-tSQ9jz7BqjXxNkYFvA0QNuMKtp8="
    }
  }
}
